Microsoft Visual Studio Solution File, Format Version 12.00
# Visual Studio Version 17
VisualStudioVersion = 17.5.2.0
MinimumVisualStudioVersion = 10.0.40219.1
Project("{FAE04EC0-301F-11D3-BF4B-00C04F79EFBC}") = "ThrowExceptions101", "ThrowExceptions101.csproj", "{CE3E6CB9-8A7C-2836-5233-005908989F25}"
EndProject
Global
	GlobalSection(SolutionConfigurationPlatforms) = preSolution
		Debug|Any CPU = Debug|Any CPU
		Release|Any CPU = Release|Any CPU
	EndGlobalSection
	GlobalSection(ProjectConfigurationPlatforms) = postSolution
		{CE3E6CB9-8A7C-2836-5233-005908989F25}.Debug|Any CPU.ActiveCfg = Debug|Any CPU
		{CE3E6CB9-8A7C-2836-5233-005908989F25}.Debug|Any CPU.Build.0 = Debug|Any CPU
		{CE3E6CB9-8A7C-2836-5233-005908989F25}.Release|Any CPU.ActiveCfg = Release|Any CPU
		{CE3E6CB9-8A7C-2836-5233-005908989F25}.Release|Any CPU.Build.0 = Release|Any CPU
	EndGlobalSection
	GlobalSection(SolutionProperties) = preSolution
		HideSolutionNode = FALSE
	EndGlobalSection
	GlobalSection(ExtensibilityGlobals) = postSolution
		SolutionGuid = {667B85A1-8ED8-4E05-8F53-105973CA6F8D}
	EndGlobalSection
EndGlobal
